
Microsoft Visual Studio Solution File, Format Version 12.00
# Visual Studio Version 17
VisualStudioVersion = 17.3.32819.101
MinimumVisualStudioVersion = 10.0.40219.1
Project("{FAE04EC0-301F-11D3-BF4B-00C04F79EFBC}") = "02_Variables", "02_Variables\02_Variables.csproj", "{109933DC-E29D-47BF-AAAD-BCD8485597D8}"
EndProject
Global
	GlobalSection(SolutionConfigurationPlatforms) = preSolution
		Debug|Any CPU = Debug|Any CPU
		Release|Any CPU = Release|Any CPU
	EndGlobalSection
	GlobalSection(ProjectConfigurationPlatforms) = postSolution
		{109933DC-E29D-47BF-AAAD-BCD8485597D8}.Debug|Any CPU.ActiveCfg = Debug|Any CPU
		{109933DC-E29D-47BF-AAAD-BCD8485597D8}.Debug|Any CPU.Build.0 = Debug|Any CPU
		{109933DC-E29D-47BF-AAAD-BCD8485597D8}.Release|Any CPU.ActiveCfg = Release|Any CPU
		{109933DC-E29D-47BF-AAAD-BCD8485597D8}.Release|Any CPU.Build.0 = Release|Any CPU
	EndGlobalSection
	GlobalSection(SolutionProperties) = preSolution
		HideSolutionNode = FALSE
	EndGlobalSection
	GlobalSection(ExtensibilityGlobals) = postSolution
		SolutionGuid = {0A31C31B-4BDA-4418-AD2C-289B240F50AD}
	EndGlobalSection
EndGlobal
