
Microsoft Visual Studio Solution File, Format Version 12.00
# Visual Studio Version 16
VisualStudioVersion = 16.0.32802.440
MinimumVisualStudioVersion = 10.0.40219.1
Project("{FAE04EC0-301F-11D3-BF4B-00C04F79EFBC}") = "01C-SharpLearning", "01C-SharpLearning.csproj", "{43A847F6-ECEB-4558-A59D-0909B97A2AB5}"
EndProject
Global
	GlobalSection(SolutionConfigurationPlatforms) = preSolution
		Debug|Any CPU = Debug|Any CPU
		Release|Any CPU = Release|Any CPU
	EndGlobalSection
	GlobalSection(ProjectConfigurationPlatforms) = postSolution
		{43A847F6-ECEB-4558-A59D-0909B97A2AB5}.Debug|Any CPU.ActiveCfg = Debug|Any CPU
		{43A847F6-ECEB-4558-A59D-0909B97A2AB5}.Debug|Any CPU.Build.0 = Debug|Any CPU
		{43A847F6-ECEB-4558-A59D-0909B97A2AB5}.Release|Any CPU.ActiveCfg = Release|Any CPU
		{43A847F6-ECEB-4558-A59D-0909B97A2AB5}.Release|Any CPU.Build.0 = Release|Any CPU
	EndGlobalSection
	GlobalSection(SolutionProperties) = preSolution
		HideSolutionNode = FALSE
	EndGlobalSection
	GlobalSection(ExtensibilityGlobals) = postSolution
		SolutionGuid = {44DBB0D7-FFF7-4ECC-B2DD-B1AB6396A9E3}
	EndGlobalSection
EndGlobal
