
Microsoft Visual Studio Solution File, Format Version 12.00
# Visual Studio Version 17
VisualStudioVersion = 17.3.32819.101
MinimumVisualStudioVersion = 10.0.40219.1
Project("{FAE04EC0-301F-11D3-BF4B-00C04F79EFBC}") = "ConsoleAppInto", "ConsoleAppInto.csproj", "{CCC2F4EF-8085-4C38-B95A-2A8D4A82AD27}"
EndProject
Global
	GlobalSection(SolutionConfigurationPlatforms) = preSolution
		Debug|Any CPU = Debug|Any CPU
		Release|Any CPU = Release|Any CPU
	EndGlobalSection
	GlobalSection(ProjectConfigurationPlatforms) = postSolution
		{CCC2F4EF-8085-4C38-B95A-2A8D4A82AD27}.Debug|Any CPU.ActiveCfg = Debug|Any CPU
		{CCC2F4EF-8085-4C38-B95A-2A8D4A82AD27}.Debug|Any CPU.Build.0 = Debug|Any CPU
		{CCC2F4EF-8085-4C38-B95A-2A8D4A82AD27}.Release|Any CPU.ActiveCfg = Release|Any CPU
		{CCC2F4EF-8085-4C38-B95A-2A8D4A82AD27}.Release|Any CPU.Build.0 = Release|Any CPU
	EndGlobalSection
	GlobalSection(SolutionProperties) = preSolution
		HideSolutionNode = FALSE
	EndGlobalSection
	GlobalSection(ExtensibilityGlobals) = postSolution
		SolutionGuid = {C3150466-82BE-4DF4-9BAB-47DD3A0D2B59}
	EndGlobalSection
EndGlobal
