
Microsoft Visual Studio Solution File, Format Version 12.00
# Visual Studio Version 17
VisualStudioVersion = 17.3.32819.101
MinimumVisualStudioVersion = 10.0.40219.1
Project("{FAE04EC0-301F-11D3-BF4B-00C04F79EFBC}") = "01_HelloWorld", "01_HelloWorld\01_HelloWorld.csproj", "{37319C4D-80D3-44F9-8849-98729D781189}"
EndProject
Global
	GlobalSection(SolutionConfigurationPlatforms) = preSolution
		Debug|Any CPU = Debug|Any CPU
		Release|Any CPU = Release|Any CPU
	EndGlobalSection
	GlobalSection(ProjectConfigurationPlatforms) = postSolution
		{37319C4D-80D3-44F9-8849-98729D781189}.Debug|Any CPU.ActiveCfg = Debug|Any CPU
		{37319C4D-80D3-44F9-8849-98729D781189}.Debug|Any CPU.Build.0 = Debug|Any CPU
		{37319C4D-80D3-44F9-8849-98729D781189}.Release|Any CPU.ActiveCfg = Release|Any CPU
		{37319C4D-80D3-44F9-8849-98729D781189}.Release|Any CPU.Build.0 = Release|Any CPU
	EndGlobalSection
	GlobalSection(SolutionProperties) = preSolution
		HideSolutionNode = FALSE
	EndGlobalSection
	GlobalSection(ExtensibilityGlobals) = postSolution
		SolutionGuid = {1DE36E26-E14C-446C-A554-B274F5757D9A}
	EndGlobalSection
EndGlobal
